{
  "name": "weatherSolutions",
  "lockfileVersion": 3,
  "requires": true,
  "packages": {
    "": {
      "dependencies": {
        "@popperjs/core": "file:2.6.0/dist/umd/popper.min.js",
        "bootstrap": "^3.4.1"
      }
    },
    "2.6.0/dist/umd/popper.min.js": {},
    "node_modules/@popperjs/core": {
      "resolved": "2.6.0/dist/umd/popper.min.js",
      "link": true
    },
    "node_modules/bootstrap": {
      "version": "3.4.1",
      "resolved": "https://registry.npmjs.org/bootstrap/-/bootstrap-3.4.1.tgz",
      "integrity": "sha512-yN5oZVmRCwe5aKwzRj6736nSmKDX7pLYwsXiCj/EYmo16hODaBiT4En5btW/jhBF/seV+XMx3aYwukYC3A49DA==",
      "engines": {
        "node": ">=6"
      }
    }
  }
}
